
Microsoft Visual Studio Solution File, Format Version 12.00
# Visual Studio 15
VisualStudioVersion = 15.0.26124.0
MinimumVisualStudioVersion = 15.0.26124.0
Project("{FAE04EC0-301F-11D3-BF4B-00C04F79EFBC}") = "Domain", "Domain\Domain.csproj", "{CE104E3E-04AE-47B4-B1C8-C059DF3FFDF1}"
EndProject
Project("{FAE04EC0-301F-11D3-BF4B-00C04F79EFBC}") = "API", "API\API.csproj", "{3A2AFE7B-B582-4429-9C2A-6FEB88CEDF6F}"
EndProject
Project("{FAE04EC0-301F-11D3-BF4B-00C04F79EFBC}") = "Application", "Application\Application.csproj", "{A284DFE8-0270-4D69-803A-B2D301A6D7B7}"
EndProject
Project("{FAE04EC0-301F-11D3-BF4B-00C04F79EFBC}") = "Persistence", "Persistence\Persistence.csproj", "{AEB39838-24DA-4DD6-B2A6-0E8C0B031FB2}"
EndProject
Global
	GlobalSection(SolutionConfigurationPlatforms) = preSolution
		Debug|Any CPU = Debug|Any CPU
		Debug|x64 = Debug|x64
		Debug|x86 = Debug|x86
		Release|Any CPU = Release|Any CPU
		Release|x64 = Release|x64
		Release|x86 = Release|x86
	EndGlobalSection
	GlobalSection(SolutionProperties) = preSolution
		HideSolutionNode = FALSE
	EndGlobalSection
	GlobalSection(ProjectConfigurationPlatforms) = postSolution
		{CE104E3E-04AE-47B4-B1C8-C059DF3FFDF1}.Debug|Any CPU.ActiveCfg = Debug|Any CPU
		{CE104E3E-04AE-47B4-B1C8-C059DF3FFDF1}.Debug|Any CPU.Build.0 = Debug|Any CPU
		{CE104E3E-04AE-47B4-B1C8-C059DF3FFDF1}.Debug|x64.ActiveCfg = Debug|Any CPU
		{CE104E3E-04AE-47B4-B1C8-C059DF3FFDF1}.Debug|x64.Build.0 = Debug|Any CPU
		{CE104E3E-04AE-47B4-B1C8-C059DF3FFDF1}.Debug|x86.ActiveCfg = Debug|Any CPU
		{CE104E3E-04AE-47B4-B1C8-C059DF3FFDF1}.Debug|x86.Build.0 = Debug|Any CPU
		{CE104E3E-04AE-47B4-B1C8-C059DF3FFDF1}.Release|Any CPU.ActiveCfg = Release|Any CPU
		{CE104E3E-04AE-47B4-B1C8-C059DF3FFDF1}.Release|Any CPU.Build.0 = Release|Any CPU
		{CE104E3E-04AE-47B4-B1C8-C059DF3FFDF1}.Release|x64.ActiveCfg = Release|Any CPU
		{CE104E3E-04AE-47B4-B1C8-C059DF3FFDF1}.Release|x64.Build.0 = Release|Any CPU
		{CE104E3E-04AE-47B4-B1C8-C059DF3FFDF1}.Release|x86.ActiveCfg = Release|Any CPU
		{CE104E3E-04AE-47B4-B1C8-C059DF3FFDF1}.Release|x86.Build.0 = Release|Any CPU
		{3A2AFE7B-B582-4429-9C2A-6FEB88CEDF6F}.Debug|Any CPU.ActiveCfg = Debug|Any CPU
		{3A2AFE7B-B582-4429-9C2A-6FEB88CEDF6F}.Debug|Any CPU.Build.0 = Debug|Any CPU
		{3A2AFE7B-B582-4429-9C2A-6FEB88CEDF6F}.Debug|x64.ActiveCfg = Debug|Any CPU
		{3A2AFE7B-B582-4429-9C2A-6FEB88CEDF6F}.Debug|x64.Build.0 = Debug|Any CPU
		{3A2AFE7B-B582-4429-9C2A-6FEB88CEDF6F}.Debug|x86.ActiveCfg = Debug|Any CPU
		{3A2AFE7B-B582-4429-9C2A-6FEB88CEDF6F}.Debug|x86.Build.0 = Debug|Any CPU
		{3A2AFE7B-B582-4429-9C2A-6FEB88CEDF6F}.Release|Any CPU.ActiveCfg = Release|Any CPU
		{3A2AFE7B-B582-4429-9C2A-6FEB88CEDF6F}.Release|Any CPU.Build.0 = Release|Any CPU
		{3A2AFE7B-B582-4429-9C2A-6FEB88CEDF6F}.Release|x64.ActiveCfg = Release|Any CPU
		{3A2AFE7B-B582-4429-9C2A-6FEB88CEDF6F}.Release|x64.Build.0 = Release|Any CPU
		{3A2AFE7B-B582-4429-9C2A-6FEB88CEDF6F}.Release|x86.ActiveCfg = Release|Any CPU
		{3A2AFE7B-B582-4429-9C2A-6FEB88CEDF6F}.Release|x86.Build.0 = Release|Any CPU
		{A284DFE8-0270-4D69-803A-B2D301A6D7B7}.Debug|Any CPU.ActiveCfg = Debug|Any CPU
		{A284DFE8-0270-4D69-803A-B2D301A6D7B7}.Debug|Any CPU.Build.0 = Debug|Any CPU
		{A284DFE8-0270-4D69-803A-B2D301A6D7B7}.Debug|x64.ActiveCfg = Debug|Any CPU
		{A284DFE8-0270-4D69-803A-B2D301A6D7B7}.Debug|x64.Build.0 = Debug|Any CPU
		{A284DFE8-0270-4D69-803A-B2D301A6D7B7}.Debug|x86.ActiveCfg = Debug|Any CPU
		{A284DFE8-0270-4D69-803A-B2D301A6D7B7}.Debug|x86.Build.0 = Debug|Any CPU
		{A284DFE8-0270-4D69-803A-B2D301A6D7B7}.Release|Any CPU.ActiveCfg = Release|Any CPU
		{A284DFE8-0270-4D69-803A-B2D301A6D7B7}.Release|Any CPU.Build.0 = Release|Any CPU
		{A284DFE8-0270-4D69-803A-B2D301A6D7B7}.Release|x64.ActiveCfg = Release|Any CPU
		{A284DFE8-0270-4D69-803A-B2D301A6D7B7}.Release|x64.Build.0 = Release|Any CPU
		{A284DFE8-0270-4D69-803A-B2D301A6D7B7}.Release|x86.ActiveCfg = Release|Any CPU
		{A284DFE8-0270-4D69-803A-B2D301A6D7B7}.Release|x86.Build.0 = Release|Any CPU
		{AEB39838-24DA-4DD6-B2A6-0E8C0B031FB2}.Debug|Any CPU.ActiveCfg = Debug|Any CPU
		{AEB39838-24DA-4DD6-B2A6-0E8C0B031FB2}.Debug|Any CPU.Build.0 = Debug|Any CPU
		{AEB39838-24DA-4DD6-B2A6-0E8C0B031FB2}.Debug|x64.ActiveCfg = Debug|Any CPU
		{AEB39838-24DA-4DD6-B2A6-0E8C0B031FB2}.Debug|x64.Build.0 = Debug|Any CPU
		{AEB39838-24DA-4DD6-B2A6-0E8C0B031FB2}.Debug|x86.ActiveCfg = Debug|Any CPU
		{AEB39838-24DA-4DD6-B2A6-0E8C0B031FB2}.Debug|x86.Build.0 = Debug|Any CPU
		{AEB39838-24DA-4DD6-B2A6-0E8C0B031FB2}.Release|Any CPU.ActiveCfg = Release|Any CPU
		{AEB39838-24DA-4DD6-B2A6-0E8C0B031FB2}.Release|Any CPU.Build.0 = Release|Any CPU
		{AEB39838-24DA-4DD6-B2A6-0E8C0B031FB2}.Release|x64.ActiveCfg = Release|Any CPU
		{AEB39838-24DA-4DD6-B2A6-0E8C0B031FB2}.Release|x64.Build.0 = Release|Any CPU
		{AEB39838-24DA-4DD6-B2A6-0E8C0B031FB2}.Release|x86.ActiveCfg = Release|Any CPU
		{AEB39838-24DA-4DD6-B2A6-0E8C0B031FB2}.Release|x86.Build.0 = Release|Any CPU
	EndGlobalSection
EndGlobal
